
Microsoft Visual Studio Solution File, Format Version 12.00
# Visual Studio 15
VisualStudioVersion = 15.0.27703.2035
MinimumVisualStudioVersion = 10.0.40219.1
Project("{FAE04EC0-301F-11D3-BF4B-00C04F79EFBC}") = "ViruBoy", "ViruBoy\ViruBoy.csproj", "{ABAE5726-16E6-457A-B93E-C52E1007995B}"
EndProject
Project("{FAE04EC0-301F-11D3-BF4B-00C04F79EFBC}") = "TestApp", "TestApp\TestApp.csproj", "{291A6C80-D7A4-48F6-9A92-CFC7320FA7E1}"
EndProject
Project("{FAE04EC0-301F-11D3-BF4B-00C04F79EFBC}") = "ViruBoyUI", "ViruBoyUI\ViruBoyUI.csproj", "{ADF4B847-85B2-4D91-90CD-891C91CA7DF7}"
EndProject
Project("{FAE04EC0-301F-11D3-BF4B-00C04F79EFBC}") = "ViruBoyTest", "ViruBoyTest\ViruBoyTest.csproj", "{C7BAD80D-BB25-4B69-8254-9D9E75297C72}"
EndProject
Global
	GlobalSection(SolutionConfigurationPlatforms) = preSolution
		Debug|Any CPU = Debug|Any CPU
		Release|Any CPU = Release|Any CPU
	EndGlobalSection
	GlobalSection(ProjectConfigurationPlatforms) = postSolution
		{ABAE5726-16E6-457A-B93E-C52E1007995B}.Debug|Any CPU.ActiveCfg = Debug|Any CPU
		{ABAE5726-16E6-457A-B93E-C52E1007995B}.Debug|Any CPU.Build.0 = Debug|Any CPU
		{ABAE5726-16E6-457A-B93E-C52E1007995B}.Release|Any CPU.ActiveCfg = Release|Any CPU
		{ABAE5726-16E6-457A-B93E-C52E1007995B}.Release|Any CPU.Build.0 = Release|Any CPU
		{291A6C80-D7A4-48F6-9A92-CFC7320FA7E1}.Debug|Any CPU.ActiveCfg = Debug|Any CPU
		{291A6C80-D7A4-48F6-9A92-CFC7320FA7E1}.Debug|Any CPU.Build.0 = Debug|Any CPU
		{291A6C80-D7A4-48F6-9A92-CFC7320FA7E1}.Release|Any CPU.ActiveCfg = Release|Any CPU
		{291A6C80-D7A4-48F6-9A92-CFC7320FA7E1}.Release|Any CPU.Build.0 = Release|Any CPU
		{ADF4B847-85B2-4D91-90CD-891C91CA7DF7}.Debug|Any CPU.ActiveCfg = Debug|Any CPU
		{ADF4B847-85B2-4D91-90CD-891C91CA7DF7}.Debug|Any CPU.Build.0 = Debug|Any CPU
		{ADF4B847-85B2-4D91-90CD-891C91CA7DF7}.Release|Any CPU.ActiveCfg = Release|Any CPU
		{ADF4B847-85B2-4D91-90CD-891C91CA7DF7}.Release|Any CPU.Build.0 = Release|Any CPU
		{C7BAD80D-BB25-4B69-8254-9D9E75297C72}.Debug|Any CPU.ActiveCfg = Debug|Any CPU
		{C7BAD80D-BB25-4B69-8254-9D9E75297C72}.Debug|Any CPU.Build.0 = Debug|Any CPU
		{C7BAD80D-BB25-4B69-8254-9D9E75297C72}.Release|Any CPU.ActiveCfg = Release|Any CPU
		{C7BAD80D-BB25-4B69-8254-9D9E75297C72}.Release|Any CPU.Build.0 = Release|Any CPU
	EndGlobalSection
	GlobalSection(SolutionProperties) = preSolution
		HideSolutionNode = FALSE
	EndGlobalSection
	GlobalSection(ExtensibilityGlobals) = postSolution
		SolutionGuid = {A84DB313-7605-4D20-AB8F-5413D649F4EC}
	EndGlobalSection
EndGlobal
